
Microsoft Visual Studio Solution File, Format Version 12.00
# Visual Studio Version 17
VisualStudioVersion = 17.4.33213.308
MinimumVisualStudioVersion = 10.0.40219.1
Project("{FAE04EC0-301F-11D3-BF4B-00C04F79EFBC}") = "BingoClient", "BingoClient.csproj", "{33AAF4BB-4463-490C-9DC8-A542AEA74518}"
EndProject
Global
	GlobalSection(SolutionConfigurationPlatforms) = preSolution
		Debug|Any CPU = Debug|Any CPU
		Release|Any CPU = Release|Any CPU
	EndGlobalSection
	GlobalSection(ProjectConfigurationPlatforms) = postSolution
		{33AAF4BB-4463-490C-9DC8-A542AEA74518}.Debug|Any CPU.ActiveCfg = Debug|Any CPU
		{33AAF4BB-4463-490C-9DC8-A542AEA74518}.Debug|Any CPU.Build.0 = Debug|Any CPU
		{33AAF4BB-4463-490C-9DC8-A542AEA74518}.Release|Any CPU.ActiveCfg = Release|Any CPU
		{33AAF4BB-4463-490C-9DC8-A542AEA74518}.Release|Any CPU.Build.0 = Release|Any CPU
	EndGlobalSection
	GlobalSection(SolutionProperties) = preSolution
		HideSolutionNode = FALSE
	EndGlobalSection
	GlobalSection(ExtensibilityGlobals) = postSolution
		SolutionGuid = {84E47BB2-CEB9-44BD-9D74-421E123198D3}
	EndGlobalSection
EndGlobal
