
Microsoft Visual Studio Solution File, Format Version 12.00
# Visual Studio Version 17
VisualStudioVersion = 17.4.33213.308
MinimumVisualStudioVersion = 10.0.40219.1
Project("{FAE04EC0-301F-11D3-BF4B-00C04F79EFBC}") = "BingoServer", "BingoServer.csproj", "{1B485EB7-0764-42D4-95D7-00746D6FE85E}"
EndProject
Global
	GlobalSection(SolutionConfigurationPlatforms) = preSolution
		Debug|Any CPU = Debug|Any CPU
		Release|Any CPU = Release|Any CPU
	EndGlobalSection
	GlobalSection(ProjectConfigurationPlatforms) = postSolution
		{1B485EB7-0764-42D4-95D7-00746D6FE85E}.Debug|Any CPU.ActiveCfg = Debug|Any CPU
		{1B485EB7-0764-42D4-95D7-00746D6FE85E}.Debug|Any CPU.Build.0 = Debug|Any CPU
		{1B485EB7-0764-42D4-95D7-00746D6FE85E}.Release|Any CPU.ActiveCfg = Release|Any CPU
		{1B485EB7-0764-42D4-95D7-00746D6FE85E}.Release|Any CPU.Build.0 = Release|Any CPU
	EndGlobalSection
	GlobalSection(SolutionProperties) = preSolution
		HideSolutionNode = FALSE
	EndGlobalSection
	GlobalSection(ExtensibilityGlobals) = postSolution
		SolutionGuid = {3AD92F9E-8903-4A04-9CBA-2DDED6EA8F35}
	EndGlobalSection
EndGlobal
